Microsoft Visual Studio Solution File, Format Version 12.00
# Visual Studio Version 17
VisualStudioVersion = 17.5.2.0
MinimumVisualStudioVersion = 10.0.40219.1
Project("{FAE04EC0-301F-11D3-BF4B-00C04F79EFBC}") = "findAnElement", "findAnElement.csproj", "{E0C76480-0A67-3853-8A33-A96B64C18384}"
EndProject
Global
	GlobalSection(SolutionConfigurationPlatforms) = preSolution
		Debug|Any CPU = Debug|Any CPU
		Release|Any CPU = Release|Any CPU
	EndGlobalSection
	GlobalSection(ProjectConfigurationPlatforms) = postSolution
		{E0C76480-0A67-3853-8A33-A96B64C18384}.Debug|Any CPU.ActiveCfg = Debug|Any CPU
		{E0C76480-0A67-3853-8A33-A96B64C18384}.Debug|Any CPU.Build.0 = Debug|Any CPU
		{E0C76480-0A67-3853-8A33-A96B64C18384}.Release|Any CPU.ActiveCfg = Release|Any CPU
		{E0C76480-0A67-3853-8A33-A96B64C18384}.Release|Any CPU.Build.0 = Release|Any CPU
	EndGlobalSection
	GlobalSection(SolutionProperties) = preSolution
		HideSolutionNode = FALSE
	EndGlobalSection
	GlobalSection(ExtensibilityGlobals) = postSolution
		SolutionGuid = {17C0594E-65C2-49E6-B541-2160CFA5834A}
	EndGlobalSection
EndGlobal
